// !$*UTF8*$!
{
	archiveVersion = 1;
	classes = {
	};
	objectVersion = 48;
	objects = {

/* Begin PBXBuildFile section */
		A71F4304205985E600C3D309 /* MovieTableViewCell.swift in Sources */ = {isa = PBXBuildFile; fileRef = A71F4303205985E600C3D309 /* MovieTableViewCell.swift */; };
		A7B139A820572EFB002D313F /* MovieModel.swift in Sources */ = {isa = PBXBuildFile; fileRef = A7B139A720572EFB002D313F /* MovieModel.swift */; };
		A7B139AA20575A3E002D313F /* ArrayExtensions.swift in Sources */ = {isa = PBXBuildFile; fileRef = A7B139A920575A3E002D313F /* ArrayExtensions.swift */; };
		A7B139AC20575D24002D313F /* MovieDataFetcher.swift in Sources */ = {isa = PBXBuildFile; fileRef = A7B139AB20575D24002D313F /* MovieDataFetcher.swift */; };
		A7C6DE8020587FFF00AA6656 /* MovieDetailViewController.swift in Sources */ = {isa = PBXBuildFile; fileRef = A7C6DE7F20587FFF00AA6656 /* MovieDetailViewController.swift */; };
		A7E76C3220570DA200EACECF /* AppDelegate.swift in Sources */ = {isa = PBXBuildFile; fileRef = A7E76C3120570DA200EACECF /* AppDelegate.swift */; };
		A7E76C3420570DA200EACECF /* ViewController.swift in Sources */ = {isa = PBXBuildFile; fileRef = A7E76C3320570DA200EACECF /* ViewController.swift */; };
		A7E76C3720570DA200EACECF /* Main.storyboard in Resources */ = {isa = PBXBuildFile; fileRef = A7E76C3520570DA200EACECF /* Main.storyboard */; };
		A7E76C3920570DA200EACECF /* Assets.xcassets in Resources */ = {isa = PBXBuildFile; fileRef = A7E76C3820570DA200EACECF /* Assets.xcassets */; };
		A7E76C3C20570DA200EACECF /* LaunchScreen.storyboard in Resources */ = {isa = PBXBuildFile; fileRef = A7E76C3A20570DA200EACECF /* LaunchScreen.storyboard */; };
		A7E76C4720570DA200EACECF /* networkingTests.swift in Sources */ = {isa = PBXBuildFile; fileRef = A7E76C4620570DA200EACECF /* networkingTests.swift */; };
/* End PBXBuildFile section */

/* Begin PBXContainerItemProxy section */
		A7E76C4320570DA200EACECF /* PBXContainerItemProxy */ = {
			isa = PBXContainerItemProxy;
			containerPortal = A7E76C2620570DA100EACECF /* Project object */;
			proxyType = 1;
			remoteGlobalIDString = A7E76C2D20570DA200EACECF;
			remoteInfo = networking;
		};
/* End PBXContainerItemProxy section */

/* Begin PBXFileReference section */
		A71F4303205985E600C3D309 /* MovieTableViewCell.swift */ = {isa = PBXFileReference; lastKnownFileType = sourcecode.swift; path = MovieTableViewCell.swift; sourceTree = "<group>"; };
		A7B139A720572EFB002D313F /* MovieModel.swift */ = {isa = PBXFileReference; lastKnownFileType = sourcecode.swift; path = MovieModel.swift; sourceTree = "<group>"; };
		A7B139A920575A3E002D313F /* ArrayExtensions.swift */ = {isa = PBXFileReference; lastKnownFileType = sourcecode.swift; path = ArrayExtensions.swift; sourceTree = "<group>"; };
		A7B139AB20575D24002D313F /* MovieDataFetcher.swift */ = {isa = PBXFileReference; lastKnownFileType = sourcecode.swift; path = MovieDataFetcher.swift; sourceTree = "<group>"; };
		A7C6DE7F20587FFF00AA6656 /* MovieDetailViewController.swift */ = {isa = PBXFileReference; lastKnownFileType = sourcecode.swift; path = MovieDetailViewController.swift; sourceTree = "<group>"; };
		A7E76C2E20570DA200EACECF /* networking.app */ = {isa = PBXFileReference; explicitFileType = wrapper.application; includeInIndex = 0; path = networking.app; sourceTree = BUILT_PRODUCTS_DIR; };
		A7E76C3120570DA200EACECF /* AppDelegate.swift */ = {isa = PBXFileReference; lastKnownFileType = sourcecode.swift; path = AppDelegate.swift; sourceTree = "<group>"; };
		A7E76C3320570DA200EACECF /* ViewController.swift */ = {isa = PBXFileReference; lastKnownFileType = sourcecode.swift; path = ViewController.swift; sourceTree = "<group>"; };
		A7E76C3620570DA200EACECF /* Base */ = {isa = PBXFileReference; lastKnownFileType = file.storyboard; name = Base; path = Base.lproj/Main.storyboard; sourceTree = "<group>"; };
		A7E76C3820570DA200EACECF /* Assets.xcassets */ = {isa = PBXFileReference; lastKnownFileType = folder.assetcatalog; path = Assets.xcassets; sourceTree = "<group>"; };
		A7E76C3B20570DA200EACECF /* Base */ = {isa = PBXFileReference; lastKnownFileType = file.storyboard; name = Base; path = Base.lproj/LaunchScreen.storyboard; sourceTree = "<group>"; };
		A7E76C3D20570DA200EACECF /* Info.plist */ = {isa = PBXFileReference; lastKnownFileType = text.plist.xml; path = Info.plist; sourceTree = "<group>"; };
		A7E76C4220570DA200EACECF /* networkingTests.xctest */ = {isa = PBXFileReference; explicitFileType = wrapper.cfbundle; includeInIndex = 0; path = networkingTests.xctest; sourceTree = BUILT_PRODUCTS_DIR; };
		A7E76C4620570DA200EACECF /* networkingTests.swift */ = {isa = PBXFileReference; lastKnownFileType = sourcecode.swift; path = networkingTests.swift; sourceTree = "<group>"; };
		A7E76C4820570DA200EACECF /* Info.plist */ = {isa = PBXFileReference; lastKnownFileType = text.plist.xml; path = Info.plist; sourceTree = "<group>"; };
/* End PBXFileReference section */

/* Begin PBXFrameworksBuildPhase section */
		A7E76C2B20570DA200EACECF /* Frameworks */ = {
			isa = PBXFrameworksBuildPhase;
			buildActionMask = 2147483647;
			files = (
			);
			runOnlyForDeploymentPostprocessing = 0;
		};
		A7E76C3F20570DA200EACECF /* Frameworks */ = {
			isa = PBXFrameworksBuildPhase;
			buildActionMask = 2147483647;
			files = (
			);
			runOnlyForDeploymentPostprocessing = 0;
		};
/* End PBXFrameworksBuildPhase section */

/* Begin PBXGroup section */
		A7E76C2520570DA100EACECF = {
			isa = PBXGroup;
			children = (
				A7E76C3020570DA200EACECF /* networking */,
				A7E76C4520570DA200EACECF /* networkingTests */,
				A7E76C2F20570DA200EACECF /* Products */,
			);
			sourceTree = "<group>";
		};
		A7E76C2F20570DA200EACECF /* Products */ = {
			isa = PBXGroup;
			children = (
				A7E76C2E20570DA200EACECF /* networking.app */,
				A7E76C4220570DA200EACECF /* networkingTests.xctest */,
			);
			name = Products;
			sourceTree = "<group>";
		};
		A7E76C3020570DA200EACECF /* networking */ = {
			isa = PBXGroup;
			children = (
				A7E76C5120570DB200EACECF /* Supporting Files */,
				A7E76C3320570DA200EACECF /* ViewController.swift */,
				A7C6DE7F20587FFF00AA6656 /* MovieDetailViewController.swift */,
				A7B139A720572EFB002D313F /* MovieModel.swift */,
				A7B139AB20575D24002D313F /* MovieDataFetcher.swift */,
				A7B139A920575A3E002D313F /* ArrayExtensions.swift */,
				A71F4303205985E600C3D309 /* MovieTableViewCell.swift */,
				A7E76C3520570DA200EACECF /* Main.storyboard */,
			);
			path = networking;
			sourceTree = "<group>";
		};
		A7E76C4520570DA200EACECF /* networkingTests */ = {
			isa = PBXGroup;
			children = (
				A7E76C4620570DA200EACECF /* networkingTests.swift */,
				A7E76C4820570DA200EACECF /* Info.plist */,
			);
			path = networkingTests;
			sourceTree = "<group>";
		};
		A7E76C5120570DB200EACECF /* Supporting Files */ = {
			isa = PBXGroup;
			children = (
				A7E76C3120570DA200EACECF /* AppDelegate.swift */,
				A7E76C3820570DA200EACECF /* Assets.xcassets */,
				A7E76C3A20570DA200EACECF /* LaunchScreen.storyboard */,
				A7E76C3D20570DA200EACECF /* Info.plist */,
			);
			path = "Supporting Files";
			sourceTree = "<group>";
		};
/* End PBXGroup section */

/* Begin PBXNativeTarget section */
		A7E76C2D20570DA200EACECF /* networking */ = {
			isa = PBXNativeTarget;
			buildConfigurationList = A7E76C4B20570DA200EACECF /* Build configuration list for PBXNativeTarget "networking" */;
			buildPhases = (
				A7E76C2A20570DA200EACECF /* Sources */,
				A7E76C2B20570DA200EACECF /* Frameworks */,
				A7E76C2C20570DA200EACECF /* Resources */,
			);
			buildRules = (
			);
			dependencies = (
			);
			name = networking;
			productName = networking;
			productReference = A7E76C2E20570DA200EACECF /* networking.app */;
			productType = "com.apple.product-type.application";
		};
		A7E76C4120570DA200EACECF /* networkingTests */ = {
			isa = PBXNativeTarget;
			buildConfigurationList = A7E76C4E20570DA200EACECF /* Build configuration list for PBXNativeTarget "networkingTests" */;
			buildPhases = (
				A7E76C3E20570DA200EACECF /* Sources */,
				A7E76C3F20570DA200EACECF /* Frameworks */,
				A7E76C4020570DA200EACECF /* Resources */,
			);
			buildRules = (
			);
			dependencies = (
				A7E76C4420570DA200EACECF /* PBXTargetDependency */,
			);
			name = networkingTests;
			productName = networkingTests;
			productReference = A7E76C4220570DA200EACECF /* networkingTests.xctest */;
			productType = "com.apple.product-type.bundle.unit-test";
		};
/* End PBXNativeTarget section */

/* Begin PBXProject section */
		A7E76C2620570DA100EACECF /* Project object */ = {
			isa = PBXProject;
			attributes = {
				LastSwiftUpdateCheck = 0920;
				LastUpgradeCheck = 0920;
				ORGANIZATIONNAME = "Theresa Vollmer";
				TargetAttributes = {
					A7E76C2D20570DA200EACECF = {
						CreatedOnToolsVersion = 9.2;
						ProvisioningStyle = Automatic;
					};
					A7E76C4120570DA200EACECF = {
						CreatedOnToolsVersion = 9.2;
						ProvisioningStyle = Automatic;
						TestTargetID = A7E76C2D20570DA200EACECF;
					};
				};
			};
			buildConfigurationList = A7E76C2920570DA100EACECF /* Build configuration list for PBXProject "networking" */;
			compatibilityVersion = "Xcode 8.0";
			developmentRegion = en;
			hasScannedForEncodings = 0;
			knownRegions = (
				en,
				Base,
			);
			mainGroup = A7E76C2520570DA100EACECF;
			productRefGroup = A7E76C2F20570DA200EACECF /* Products */;
			projectDirPath = "";
			projectRoot = "";
			targets = (
				A7E76C2D20570DA200EACECF /* networking */,
				A7E76C4120570DA200EACECF /* networkingTests */,
			);
		};
/* End PBXProject section */

/* Begin PBXResourcesBuildPhase section */
		A7E76C2C20570DA200EACECF /* Resources */ = {
			isa = PBXResourcesBuildPhase;
			buildActionMask = 2147483647;
			files = (
				A7E76C3C20570DA200EACECF /* LaunchScreen.storyboard in Resources */,
				A7E76C3920570DA200EACECF /* Assets.xcassets in Resources */,
				A7E76C3720570DA200EACECF /* Main.storyboard in Resources */,
			);
			runOnlyForDeploymentPostprocessing = 0;
		};
		A7E76C4020570DA200EACECF /* Resources */ = {
			isa = PBXResourcesBuildPhase;
			buildActionMask = 2147483647;
			files = (
			);
			runOnlyForDeploymentPostprocessing = 0;
		};
/* End PBXResourcesBuildPhase section */

/* Begin PBXSourcesBuildPhase section */
		A7E76C2A20570DA200EACECF /* Sources */ = {
			isa = PBXSourcesBuildPhase;
			buildActionMask = 2147483647;
			files = (
				A7E76C3420570DA200EACECF /* ViewController.swift in Sources */,
				A7E76C3220570DA200EACECF /* AppDelegate.swift in Sources */,
				A71F4304205985E600C3D309 /* MovieTableViewCell.swift in Sources */,
				A7B139AC20575D24002D313F /* MovieDataFetcher.swift in Sources */,
				A7B139A820572EFB002D313F /* MovieModel.swift in Sources */,
				A7C6DE8020587FFF00AA6656 /* MovieDetailViewController.swift in Sources */,
				A7B139AA20575A3E002D313F /* ArrayExtensions.swift in Sources */,
			);
			runOnlyForDeploymentPostprocessing = 0;
		};
		A7E76C3E20570DA200EACECF /* Sources */ = {
			isa = PBXSourcesBuildPhase;
			buildActionMask = 2147483647;
			files = (
				A7E76C4720570DA200EACECF /* networkingTests.swift in Sources */,
			);
			runOnlyForDeploymentPostprocessing = 0;
		};
/* End PBXSourcesBuildPhase section */

/* Begin PBXTargetDependency section */
		A7E76C4420570DA200EACECF /* PBXTargetDependency */ = {
			isa = PBXTargetDependency;
			target = A7E76C2D20570DA200EACECF /* networking */;
			targetProxy = A7E76C4320570DA200EACECF /* PBXContainerItemProxy */;
		};
/* End PBXTargetDependency section */

/* Begin PBXVariantGroup section */
		A7E76C3520570DA200EACECF /* Main.storyboard */ = {
			isa = PBXVariantGroup;
			children = (
				A7E76C3620570DA200EACECF /* Base */,
			);
			name = Main.storyboard;
			sourceTree = "<group>";
		};
		A7E76C3A20570DA200EACECF /* LaunchScreen.storyboard */ = {
			isa = PBXVariantGroup;
			children = (
				A7E76C3B20570DA200EACECF /* Base */,
			);
			name = LaunchScreen.storyboard;
			sourceTree = "<group>";
		};
/* End PBXVariantGroup section */

/* Begin XCBuildConfiguration section */
		A7E76C4920570DA200EACECF /* Debug */ = {
			isa = XCBuildConfiguration;
			buildSettings = {
				ALWAYS_SEARCH_USER_PATHS = NO;
				CLANG_ANALYZER_NONNULL = YES;
				CLANG_ANALYZER_NUMBER_OBJECT_CONVERSION = YES_AGGRESSIVE;
				CLANG_CXX_LANGUAGE_STANDARD = "gnu++14";
				CLANG_CXX_LIBRARY = "libc++";
				CLANG_ENABLE_MODULES = YES;
				CLANG_ENABLE_OBJC_ARC = YES;
				CLANG_WARN_BLOCK_CAPTURE_AUTORELEASING = YES;
				CLANG_WARN_BOOL_CONVERSION = YES;
				CLANG_WARN_COMMA = YES;
				CLANG_WARN_CONSTANT_CONVERSION = YES;
				CLANG_WARN_DIRECT_OBJC_ISA_USAGE = YES_ERROR;
				CLANG_WARN_DOCUMENTATION_COMMENTS = YES;
				CLANG_WARN_EMPTY_BODY = YES;
				CLANG_WARN_ENUM_CONVERSION = YES;
				CLANG_WARN_INFINITE_RECURSION = YES;
				CLANG_WARN_INT_CONVERSION = YES;
				CLANG_WARN_NON_LITERAL_NULL_CONVERSION = YES;
				CLANG_WARN_OBJC_LITERAL_CONVERSION = YES;
				CLANG_WARN_OBJC_ROOT_CLASS = YES_ERROR;
				CLANG_WARN_RANGE_LOOP_ANALYSIS = YES;
				CLANG_WARN_STRICT_PROTOTYPES = YES;
				CLANG_WARN_SUSPICIOUS_MOVE = YES;
				CLANG_WARN_UNGUARDED_AVAILABILITY = YES_AGGRESSIVE;
				CLANG_WARN_UNREACHABLE_CODE = YES;
				CLANG_WARN__DUPLICATE_METHOD_MATCH = YES;
				CODE_SIGN_IDENTITY = "iPhone Developer";
				COPY_PHASE_STRIP = NO;
				DEBUG_INFORMATION_FORMAT = dwarf;
				ENABLE_STRICT_OBJC_MSGSEND = YES;
				ENABLE_TESTABILITY = YES;
				GCC_C_LANGUAGE_STANDARD = gnu11;
				GCC_DYNAMIC_NO_PIC = NO;
				GCC_NO_COMMON_BLOCKS = YES;
				GCC_OPTIMIZATION_LEVEL = 0;
				GCC_PREPROCESSOR_DEFINITIONS = (
					"DEBUG=1",
					"$(inherited)",
				);
				GCC_WARN_64_TO_32_BIT_CONVERSION = YES;
				GCC_WARN_ABOUT_RETURN_TYPE = YES_ERROR;
				GCC_WARN_UNDECLARED_SELECTOR = YES;
				GCC_WARN_UNINITIALIZED_AUTOS = YES_AGGRESSIVE;
				GCC_WARN_UNUSED_FUNCTION = YES;
				GCC_WARN_UNUSED_VARIABLE = YES;
				IPHONEOS_DEPLOYMENT_TARGET = 11.2;
				MTL_ENABLE_DEBUG_INFO = YES;
				ONLY_ACTIVE_ARCH = YES;
				SDKROOT = iphoneos;
				SWIFT_ACTIVE_COMPILATION_CONDITIONS = DEBUG;
				SWIFT_OPTIMIZATION_LEVEL = "-Onone";
			};
			name = Debug;
		};
		A7E76C4A20570DA200EACECF /* Release */ = {
			isa = XCBuildConfiguration;
			buildSettings = {
				ALWAYS_SEARCH_USER_PATHS = NO;
				CLANG_ANALYZER_NONNULL = YES;
				CLANG_ANALYZER_NUMBER_OBJECT_CONVERSION = YES_AGGRESSIVE;
				CLANG_CXX_LANGUAGE_STANDARD = "gnu++14";
				CLANG_CXX_LIBRARY = "libc++";
				CLANG_ENABLE_MODULES = YES;
				CLANG_ENABLE_OBJC_ARC = YES;
				CLANG_WARN_BLOCK_CAPTURE_AUTORELEASING = YES;
				CLANG_WARN_BOOL_CONVERSION = YES;
				CLANG_WARN_COMMA = YES;
				CLANG_WARN_CONSTANT_CONVERSION = YES;
				CLANG_WARN_DIRECT_OBJC_ISA_USAGE = YES_ERROR;
				CLANG_WARN_DOCUMENTATION_COMMENTS = YES;
				CLANG_WARN_EMPTY_BODY = YES;
				CLANG_WARN_ENUM_CONVERSION = YES;
				CLANG_WARN_INFINITE_RECURSION = YES;
				CLANG_WARN_INT_CONVERSION = YES;
				CLANG_WARN_NON_LITERAL_NULL_CONVERSION = YES;
				CLANG_WARN_OBJC_LITERAL_CONVERSION = YES;
				CLANG_WARN_OBJC_ROOT_CLASS = YES_ERROR;
				CLANG_WARN_RANGE_LOOP_ANALYSIS = YES;
				CLANG_WARN_STRICT_PROTOTYPES = YES;
				CLANG_WARN_SUSPICIOUS_MOVE = YES;
				CLANG_WARN_UNGUARDED_AVAILABILITY = YES_AGGRESSIVE;
				CLANG_WARN_UNREACHABLE_CODE = YES;
				CLANG_WARN__DUPLICATE_METHOD_MATCH = YES;
				CODE_SIGN_IDENTITY = "iPhone Developer";
				COPY_PHASE_STRIP = NO;
				DEBUG_INFORMATION_FORMAT = "dwarf-with-dsym";
				ENABLE_NS_ASSERTIONS = NO;
				ENABLE_STRICT_OBJC_MSGSEND = YES;
				GCC_C_LANGUAGE_STANDARD = gnu11;
				GCC_NO_COMMON_BLOCKS = YES;
				GCC_WARN_64_TO_32_BIT_CONVERSION = YES;
				GCC_WARN_ABOUT_RETURN_TYPE = YES_ERROR;
				GCC_WARN_UNDECLARED_SELECTOR = YES;
				GCC_WARN_UNINITIALIZED_AUTOS = YES_AGGRESSIVE;
				GCC_WARN_UNUSED_FUNCTION = YES;
				GCC_WARN_UNUSED_VARIABLE = YES;
				IPHONEOS_DEPLOYMENT_TARGET = 11.2;
				MTL_ENABLE_DEBUG_INFO = NO;
				SDKROOT = iphoneos;
				SWIFT_OPTIMIZATION_LEVEL = "-Owholemodule";
				VALIDATE_PRODUCT = YES;
			};
			name = Release;
		};
		A7E76C4C20570DA200EACECF /* Debug */ = {
			isa = XCBuildConfiguration;
			buildSettings = {
				ASSETCATALOG_COMPILER_APPICON_NAME = AppIcon;
				CODE_SIGN_STYLE = Automatic;
				DEVELOPMENT_TEAM = KF27V9CSSC;
				INFOPLIST_FILE = "$(SRCROOT)/networking/Supporting Files/Info.plist";
				LD_RUNPATH_SEARCH_PATHS = "$(inherited) @executable_path/Frameworks";
				PRODUCT_BUNDLE_IDENTIFIER = tvollmer.networking;
				PRODUCT_NAME = "$(TARGET_NAME)";
				SWIFT_VERSION = 4.0;
				TARGETED_DEVICE_FAMILY = "1,2";
			};
			name = Debug;
		};
		A7E76C4D20570DA200EACECF /* Release */ = {
			isa = XCBuildConfiguration;
			buildSettings = {
				ASSETCATALOG_COMPILER_APPICON_NAME = AppIcon;
				CODE_SIGN_STYLE = Automatic;
				DEVELOPMENT_TEAM = KF27V9CSSC;
				INFOPLIST_FILE = "$(SRCROOT)/networking/Supporting Files/Info.plist";
				LD_RUNPATH_SEARCH_PATHS = "$(inherited) @executable_path/Frameworks";
				PRODUCT_BUNDLE_IDENTIFIER = tvollmer.networking;
				PRODUCT_NAME = "$(TARGET_NAME)";
				SWIFT_VERSION = 4.0;
				TARGETED_DEVICE_FAMILY = "1,2";
			};
			name = Release;
		};
		A7E76C4F20570DA200EACECF /* Debug */ = {
			isa = XCBuildConfiguration;
			buildSettings = {
				ALWAYS_EMBED_SWIFT_STANDARD_LIBRARIES = YES;
				BUNDLE_LOADER = "$(TEST_HOST)";
				CODE_SIGN_STYLE = Automatic;
				DEVELOPMENT_TEAM = KF27V9CSSC;
				INFOPLIST_FILE = networkingTests/Info.plist;
				LD_RUNPATH_SEARCH_PATHS = "$(inherited) @executable_path/Frameworks @loader_path/Frameworks";
				PRODUCT_BUNDLE_IDENTIFIER = tvollmer.networkingTests;
				PRODUCT_NAME = "$(TARGET_NAME)";
				SWIFT_VERSION = 4.0;
				TARGETED_DEVICE_FAMILY = "1,2";
				TEST_HOST = "$(BUILT_PRODUCTS_DIR)/networking.app/networking";
			};
			name = Debug;
		};
		A7E76C5020570DA200EACECF /* Release */ = {
			isa = XCBuildConfiguration;
			buildSettings = {
				ALWAYS_EMBED_SWIFT_STANDARD_LIBRARIES = YES;
				BUNDLE_LOADER = "$(TEST_HOST)";
				CODE_SIGN_STYLE = Automatic;
				DEVELOPMENT_TEAM = KF27V9CSSC;
				INFOPLIST_FILE = networkingTests/Info.plist;
				LD_RUNPATH_SEARCH_PATHS = "$(inherited) @executable_path/Frameworks @loader_path/Frameworks";
				PRODUCT_BUNDLE_IDENTIFIER = tvollmer.networkingTests;
				PRODUCT_NAME = "$(TARGET_NAME)";
				SWIFT_VERSION = 4.0;
				TARGETED_DEVICE_FAMILY = "1,2";
				TEST_HOST = "$(BUILT_PRODUCTS_DIR)/networking.app/networking";
			};
			name = Release;
		};
/* End XCBuildConfiguration section */

/* Begin XCConfigurationList section */
		A7E76C2920570DA100EACECF /* Build configuration list for PBXProject "networking" */ = {
			isa = XCConfigurationList;
			buildConfigurations = (
				A7E76C4920570DA200EACECF /* Debug */,
				A7E76C4A20570DA200EACECF /* Release */,
			);
			defaultConfigurationIsVisible = 0;
			defaultConfigurationName = Release;
		};
		A7E76C4B20570DA200EACECF /* Build configuration list for PBXNativeTarget "networking" */ = {
			isa = XCConfigurationList;
			buildConfigurations = (
				A7E76C4C20570DA200EACECF /* Debug */,
				A7E76C4D20570DA200EACECF /* Release */,
			);
			defaultConfigurationIsVisible = 0;
			defaultConfigurationName = Release;
		};
		A7E76C4E20570DA200EACECF /* Build configuration list for PBXNativeTarget "networkingTests" */ = {
			isa = XCConfigurationList;
			buildConfigurations = (
				A7E76C4F20570DA200EACECF /* Debug */,
				A7E76C5020570DA200EACECF /* Release */,
			);
			defaultConfigurationIsVisible = 0;
			defaultConfigurationName = Release;
		};
/* End XCConfigurationList section */
	};
	rootObject = A7E76C2620570DA100EACECF /* Project object */;
}
